
Microsoft Visual Studio Solution File, Format Version 12.00
# Visual Studio Version 16
VisualStudioVersion = 16.0.29728.190
MinimumVisualStudioVersion = 10.0.40219.1
Project("{FAE04EC0-301F-11D3-BF4B-00C04F79EFBC}") = "SeaWars", "SeaWars.csproj", "{0AF7D976-D10C-46F8-9D1F-77C78801FE9C}"
EndProject
Global
	GlobalSection(SolutionConfigurationPlatforms) = preSolution
		Debug|Any CPU = Debug|Any CPU
		Release|Any CPU = Release|Any CPU
	EndGlobalSection
	GlobalSection(ProjectConfigurationPlatforms) = postSolution
		{0AF7D976-D10C-46F8-9D1F-77C78801FE9C}.Debug|Any CPU.ActiveCfg = Debug|Any CPU
		{0AF7D976-D10C-46F8-9D1F-77C78801FE9C}.Debug|Any CPU.Build.0 = Debug|Any CPU
		{0AF7D976-D10C-46F8-9D1F-77C78801FE9C}.Release|Any CPU.ActiveCfg = Release|Any CPU
		{0AF7D976-D10C-46F8-9D1F-77C78801FE9C}.Release|Any CPU.Build.0 = Release|Any CPU
	EndGlobalSection
	GlobalSection(SolutionProperties) = preSolution
		HideSolutionNode = FALSE
	EndGlobalSection
	GlobalSection(ExtensibilityGlobals) = postSolution
		SolutionGuid = {CD4C72D7-E238-463B-8939-4C0FDCCEB68F}
	EndGlobalSection
EndGlobal
